// !$*UTF8*$!
{
	archiveVersion = 1;
	classes = {
	};
	objectVersion = 46;
	objects = {

/* Begin PBXBuildFile section */
		5D2C912D1ED819890077B0AF /* YLConfirmOrdeSectionHeaderView.m in Sources */ = {isa = PBXBuildFile; fileRef = 5D2C912C1ED819890077B0AF /* YLConfirmOrdeSectionHeaderView.m */; };
		5D2C912F1ED8199C0077B0AF /* YLConfirmOrdeSectionHeaderView.xib in Resources */ = {isa = PBXBuildFile; fileRef = 5D2C912E1ED8199C0077B0AF /* YLConfirmOrdeSectionHeaderView.xib */; };
		5D2C91321ED81AD10077B0AF /* YLConfirmOrdeSectionFooterView.m in Sources */ = {isa = PBXBuildFile; fileRef = 5D2C91311ED81AD10077B0AF /* YLConfirmOrdeSectionFooterView.m */; };
		5D2C91341ED81AD90077B0AF /* YLConfirmOrdeSectionFooterView.xib in Resources */ = {isa = PBXBuildFile; fileRef = 5D2C91331ED81AD90077B0AF /* YLConfirmOrdeSectionFooterView.xib */; };
		5D2C91381ED82ABB0077B0AF /* YLOrderCommitTableViewCell.m in Sources */ = {isa = PBXBuildFile; fileRef = 5D2C91361ED82ABB0077B0AF /* YLOrderCommitTableViewCell.m */; };
		5D2C91391ED82ABB0077B0AF /* YLOrderCommitTableViewCell.xib in Resources */ = {isa = PBXBuildFile; fileRef = 5D2C91371ED82ABB0077B0AF /* YLOrderCommitTableViewCell.xib */; };
		5D7E4DCF1ED7FDCD00388076 /* main.m in Sources */ = {isa = PBXBuildFile; fileRef = 5D7E4DCE1ED7FDCD00388076 /* main.m */; };
		5D7E4DD21ED7FDCD00388076 /* AppDelegate.m in Sources */ = {isa = PBXBuildFile; fileRef = 5D7E4DD11ED7FDCD00388076 /* AppDelegate.m */; };
		5D7E4DD51ED7FDCD00388076 /* ViewController.m in Sources */ = {isa = PBXBuildFile; fileRef = 5D7E4DD41ED7FDCD00388076 /* ViewController.m */; };
		5D7E4DD81ED7FDCD00388076 /* Main.storyboard in Resources */ = {isa = PBXBuildFile; fileRef = 5D7E4DD61ED7FDCD00388076 /* Main.storyboard */; };
		5D7E4DDA1ED7FDCD00388076 /* Assets.xcassets in Resources */ = {isa = PBXBuildFile; fileRef = 5D7E4DD91ED7FDCD00388076 /* Assets.xcassets */; };
		5D7E4DDD1ED7FDCD00388076 /* LaunchScreen.storyboard in Resources */ = {isa = PBXBuildFile; fileRef = 5D7E4DDB1ED7FDCD00388076 /* LaunchScreen.storyboard */; };
		5D7E4DE71ED7FDEE00388076 /* ConfirmOrderViewController.m in Sources */ = {isa = PBXBuildFile; fileRef = 5D7E4DE51ED7FDEE00388076 /* ConfirmOrderViewController.m */; };
		5D7E4DE81ED7FDEE00388076 /* ConfirmOrderViewController.xib in Resources */ = {isa = PBXBuildFile; fileRef = 5D7E4DE61ED7FDEE00388076 /* ConfirmOrderViewController.xib */; };
		5D7E4DEB1ED7FDF900388076 /* YLOrderCommitModel.m in Sources */ = {isa = PBXBuildFile; fileRef = 5D7E4DEA1ED7FDF900388076 /* YLOrderCommitModel.m */; };
/* End PBXBuildFile section */

/* Begin PBXFileReference section */
		5D2C912B1ED819890077B0AF /* YLConfirmOrdeSectionHeaderView.h */ = {isa = PBXFileReference; fileEncoding = 4; lastKnownFileType = sourcecode.c.h; path = YLConfirmOrdeSectionHeaderView.h; sourceTree = "<group>"; };
		5D2C912C1ED819890077B0AF /* YLConfirmOrdeSectionHeaderView.m */ = {isa = PBXFileReference; fileEncoding = 4; lastKnownFileType = sourcecode.c.objc; path = YLConfirmOrdeSectionHeaderView.m; sourceTree = "<group>"; };
		5D2C912E1ED8199C0077B0AF /* YLConfirmOrdeSectionHeaderView.xib */ = {isa = PBXFileReference; fileEncoding = 4; lastKnownFileType = file.xib; path = YLConfirmOrdeSectionHeaderView.xib; sourceTree = "<group>"; };
		5D2C91301ED81AD10077B0AF /* YLConfirmOrdeSectionFooterView.h */ = {isa = PBXFileReference; fileEncoding = 4; lastKnownFileType = sourcecode.c.h; path = YLConfirmOrdeSectionFooterView.h; sourceTree = "<group>"; };
		5D2C91311ED81AD10077B0AF /* YLConfirmOrdeSectionFooterView.m */ = {isa = PBXFileReference; fileEncoding = 4; lastKnownFileType = sourcecode.c.objc; path = YLConfirmOrdeSectionFooterView.m; sourceTree = "<group>"; };
		5D2C91331ED81AD90077B0AF /* YLConfirmOrdeSectionFooterView.xib */ = {isa = PBXFileReference; fileEncoding = 4; lastKnownFileType = file.xib; path = YLConfirmOrdeSectionFooterView.xib; sourceTree = "<group>"; };
		5D2C91351ED82ABB0077B0AF /* YLOrderCommitTableViewCell.h */ = {isa = PBXFileReference; fileEncoding = 4; lastKnownFileType = sourcecode.c.h; path = YLOrderCommitTableViewCell.h; sourceTree = "<group>"; };
		5D2C91361ED82ABB0077B0AF /* YLOrderCommitTableViewCell.m */ = {isa = PBXFileReference; fileEncoding = 4; lastKnownFileType = sourcecode.c.objc; path = YLOrderCommitTableViewCell.m; sourceTree = "<group>"; };
		5D2C91371ED82ABB0077B0AF /* YLOrderCommitTableViewCell.xib */ = {isa = PBXFileReference; fileEncoding = 4; lastKnownFileType = file.xib; path = YLOrderCommitTableViewCell.xib; sourceTree = "<group>"; };
		5D7E4DCA1ED7FDCD00388076 /* ConfirmOrder.app */ = {isa = PBXFileReference; explicitFileType = wrapper.application; includeInIndex = 0; path = ConfirmOrder.app; sourceTree = BUILT_PRODUCTS_DIR; };
		5D7E4DCE1ED7FDCD00388076 /* main.m */ = {isa = PBXFileReference; lastKnownFileType = sourcecode.c.objc; path = main.m; sourceTree = "<group>"; };
		5D7E4DD01ED7FDCD00388076 /* AppDelegate.h */ = {isa = PBXFileReference; lastKnownFileType = sourcecode.c.h; path = AppDelegate.h; sourceTree = "<group>"; };
		5D7E4DD11ED7FDCD00388076 /* AppDelegate.m */ = {isa = PBXFileReference; lastKnownFileType = sourcecode.c.objc; path = AppDelegate.m; sourceTree = "<group>"; };
		5D7E4DD31ED7FDCD00388076 /* ViewController.h */ = {isa = PBXFileReference; lastKnownFileType = sourcecode.c.h; path = ViewController.h; sourceTree = "<group>"; };
		5D7E4DD41ED7FDCD00388076 /* ViewController.m */ = {isa = PBXFileReference; lastKnownFileType = sourcecode.c.objc; path = ViewController.m; sourceTree = "<group>"; };
		5D7E4DD71ED7FDCD00388076 /* Base */ = {isa = PBXFileReference; lastKnownFileType = file.storyboard; name = Base; path = Base.lproj/Main.storyboard; sourceTree = "<group>"; };
		5D7E4DD91ED7FDCD00388076 /* Assets.xcassets */ = {isa = PBXFileReference; lastKnownFileType = folder.assetcatalog; path = Assets.xcassets; sourceTree = "<group>"; };
		5D7E4DDC1ED7FDCD00388076 /* Base */ = {isa = PBXFileReference; lastKnownFileType = file.storyboard; name = Base; path = Base.lproj/LaunchScreen.storyboard; sourceTree = "<group>"; };
		5D7E4DDE1ED7FDCD00388076 /* Info.plist */ = {isa = PBXFileReference; lastKnownFileType = text.plist.xml; path = Info.plist; sourceTree = "<group>"; };
		5D7E4DE41ED7FDEE00388076 /* ConfirmOrderViewController.h */ = {isa = PBXFileReference; fileEncoding = 4; lastKnownFileType = sourcecode.c.h; path = ConfirmOrderViewController.h; sourceTree = "<group>"; };
		5D7E4DE51ED7FDEE00388076 /* ConfirmOrderViewController.m */ = {isa = PBXFileReference; fileEncoding = 4; lastKnownFileType = sourcecode.c.objc; path = ConfirmOrderViewController.m; sourceTree = "<group>"; };
		5D7E4DE61ED7FDEE00388076 /* ConfirmOrderViewController.xib */ = {isa = PBXFileReference; fileEncoding = 4; lastKnownFileType = file.xib; path = ConfirmOrderViewController.xib; sourceTree = "<group>"; };
		5D7E4DE91ED7FDF900388076 /* YLOrderCommitModel.h */ = {isa = PBXFileReference; fileEncoding = 4; lastKnownFileType = sourcecode.c.h; path = YLOrderCommitModel.h; sourceTree = "<group>"; };
		5D7E4DEA1ED7FDF900388076 /* YLOrderCommitModel.m */ = {isa = PBXFileReference; fileEncoding = 4; lastKnownFileType = sourcecode.c.objc; path = YLOrderCommitModel.m; sourceTree = "<group>"; };
/* End PBXFileReference section */

/* Begin PBXFrameworksBuildPhase section */
		5D7E4DC71ED7FDCD00388076 /* Frameworks */ = {
			isa = PBXFrameworksBuildPhase;
			buildActionMask = 2147483647;
			files = (
			);
			runOnlyForDeploymentPostprocessing = 0;
		};
/* End PBXFrameworksBuildPhase section */

/* Begin PBXGroup section */
		5D7E4DC11ED7FDCD00388076 = {
			isa = PBXGroup;
			children = (
				5D7E4DCC1ED7FDCD00388076 /* ConfirmOrder */,
				5D7E4DCB1ED7FDCD00388076 /* Products */,
			);
			sourceTree = "<group>";
		};
		5D7E4DCB1ED7FDCD00388076 /* Products */ = {
			isa = PBXGroup;
			children = (
				5D7E4DCA1ED7FDCD00388076 /* ConfirmOrder.app */,
			);
			name = Products;
			sourceTree = "<group>";
		};
		5D7E4DCC1ED7FDCD00388076 /* ConfirmOrder */ = {
			isa = PBXGroup;
			children = (
				5D7E4DD01ED7FDCD00388076 /* AppDelegate.h */,
				5D7E4DD11ED7FDCD00388076 /* AppDelegate.m */,
				5D7E4DD31ED7FDCD00388076 /* ViewController.h */,
				5D7E4DD41ED7FDCD00388076 /* ViewController.m */,
				5D7E4DE91ED7FDF900388076 /* YLOrderCommitModel.h */,
				5D7E4DEA1ED7FDF900388076 /* YLOrderCommitModel.m */,
				5D2C91351ED82ABB0077B0AF /* YLOrderCommitTableViewCell.h */,
				5D2C91361ED82ABB0077B0AF /* YLOrderCommitTableViewCell.m */,
				5D2C91371ED82ABB0077B0AF /* YLOrderCommitTableViewCell.xib */,
				5D2C912B1ED819890077B0AF /* YLConfirmOrdeSectionHeaderView.h */,
				5D2C912C1ED819890077B0AF /* YLConfirmOrdeSectionHeaderView.m */,
				5D2C912E1ED8199C0077B0AF /* YLConfirmOrdeSectionHeaderView.xib */,
				5D2C91301ED81AD10077B0AF /* YLConfirmOrdeSectionFooterView.h */,
				5D2C91311ED81AD10077B0AF /* YLConfirmOrdeSectionFooterView.m */,
				5D2C91331ED81AD90077B0AF /* YLConfirmOrdeSectionFooterView.xib */,
				5D7E4DE41ED7FDEE00388076 /* ConfirmOrderViewController.h */,
				5D7E4DE51ED7FDEE00388076 /* ConfirmOrderViewController.m */,
				5D7E4DE61ED7FDEE00388076 /* ConfirmOrderViewController.xib */,
				5D7E4DD61ED7FDCD00388076 /* Main.storyboard */,
				5D7E4DD91ED7FDCD00388076 /* Assets.xcassets */,
				5D7E4DDB1ED7FDCD00388076 /* LaunchScreen.storyboard */,
				5D7E4DDE1ED7FDCD00388076 /* Info.plist */,
				5D7E4DCD1ED7FDCD00388076 /* Supporting Files */,
			);
			path = ConfirmOrder;
			sourceTree = "<group>";
		};
		5D7E4DCD1ED7FDCD00388076 /* Supporting Files */ = {
			isa = PBXGroup;
			children = (
				5D7E4DCE1ED7FDCD00388076 /* main.m */,
			);
			name = "Supporting Files";
			sourceTree = "<group>";
		};
/* End PBXGroup section */

/* Begin PBXNativeTarget section */
		5D7E4DC91ED7FDCD00388076 /* ConfirmOrder */ = {
			isa = PBXNativeTarget;
			buildConfigurationList = 5D7E4DE11ED7FDCD00388076 /* Build configuration list for PBXNativeTarget "ConfirmOrder" */;
			buildPhases = (
				5D7E4DC61ED7FDCD00388076 /* Sources */,
				5D7E4DC71ED7FDCD00388076 /* Frameworks */,
				5D7E4DC81ED7FDCD00388076 /* Resources */,
			);
			buildRules = (
			);
			dependencies = (
			);
			name = ConfirmOrder;
			productName = ConfirmOrder;
			productReference = 5D7E4DCA1ED7FDCD00388076 /* ConfirmOrder.app */;
			productType = "com.apple.product-type.application";
		};
/* End PBXNativeTarget section */

/* Begin PBXProject section */
		5D7E4DC21ED7FDCD00388076 /* Project object */ = {
			isa = PBXProject;
			attributes = {
				LastUpgradeCheck = 0830;
				ORGANIZATIONNAME = zhangxing;
				TargetAttributes = {
					5D7E4DC91ED7FDCD00388076 = {
						CreatedOnToolsVersion = 8.3.2;
						ProvisioningStyle = Automatic;
					};
				};
			};
			buildConfigurationList = 5D7E4DC51ED7FDCD00388076 /* Build configuration list for PBXProject "ConfirmOrder" */;
			compatibilityVersion = "Xcode 3.2";
			developmentRegion = English;
			hasScannedForEncodings = 0;
			knownRegions = (
				en,
				Base,
			);
			mainGroup = 5D7E4DC11ED7FDCD00388076;
			productRefGroup = 5D7E4DCB1ED7FDCD00388076 /* Products */;
			projectDirPath = "";
			projectRoot = "";
			targets = (
				5D7E4DC91ED7FDCD00388076 /* ConfirmOrder */,
			);
		};
/* End PBXProject section */

/* Begin PBXResourcesBuildPhase section */
		5D7E4DC81ED7FDCD00388076 /* Resources */ = {
			isa = PBXResourcesBuildPhase;
			buildActionMask = 2147483647;
			files = (
				5D7E4DE81ED7FDEE00388076 /* ConfirmOrderViewController.xib in Resources */,
				5D7E4DDD1ED7FDCD00388076 /* LaunchScreen.storyboard in Resources */,
				5D2C912F1ED8199C0077B0AF /* YLConfirmOrdeSectionHeaderView.xib in Resources */,
				5D2C91391ED82ABB0077B0AF /* YLOrderCommitTableViewCell.xib in Resources */,
				5D2C91341ED81AD90077B0AF /* YLConfirmOrdeSectionFooterView.xib in Resources */,
				5D7E4DDA1ED7FDCD00388076 /* Assets.xcassets in Resources */,
				5D7E4DD81ED7FDCD00388076 /* Main.storyboard in Resources */,
			);
			runOnlyForDeploymentPostprocessing = 0;
		};
/* End PBXResourcesBuildPhase section */

/* Begin PBXSourcesBuildPhase section */
		5D7E4DC61ED7FDCD00388076 /* Sources */ = {
			isa = PBXSourcesBuildPhase;
			buildActionMask = 2147483647;
			files = (
				5D7E4DE71ED7FDEE00388076 /* ConfirmOrderViewController.m in Sources */,
				5D7E4DD51ED7FDCD00388076 /* ViewController.m in Sources */,
				5D7E4DD21ED7FDCD00388076 /* AppDelegate.m in Sources */,
				5D7E4DCF1ED7FDCD00388076 /* main.m in Sources */,
				5D2C91381ED82ABB0077B0AF /* YLOrderCommitTableViewCell.m in Sources */,
				5D2C912D1ED819890077B0AF /* YLConfirmOrdeSectionHeaderView.m in Sources */,
				5D2C91321ED81AD10077B0AF /* YLConfirmOrdeSectionFooterView.m in Sources */,
				5D7E4DEB1ED7FDF900388076 /* YLOrderCommitModel.m in Sources */,
			);
			runOnlyForDeploymentPostprocessing = 0;
		};
/* End PBXSourcesBuildPhase section */

/* Begin PBXVariantGroup section */
		5D7E4DD61ED7FDCD00388076 /* Main.storyboard */ = {
			isa = PBXVariantGroup;
			children = (
				5D7E4DD71ED7FDCD00388076 /* Base */,
			);
			name = Main.storyboard;
			sourceTree = "<group>";
		};
		5D7E4DDB1ED7FDCD00388076 /* LaunchScreen.storyboard */ = {
			isa = PBXVariantGroup;
			children = (
				5D7E4DDC1ED7FDCD00388076 /* Base */,
			);
			name = LaunchScreen.storyboard;
			sourceTree = "<group>";
		};
/* End PBXVariantGroup section */

/* Begin XCBuildConfiguration section */
		5D7E4DDF1ED7FDCD00388076 /* Debug */ = {
			isa = XCBuildConfiguration;
			buildSettings = {
				ALWAYS_SEARCH_USER_PATHS = NO;
				CLANG_ANALYZER_NONNULL = YES;
				CLANG_ANALYZER_NUMBER_OBJECT_CONVERSION = YES_AGGRESSIVE;
				CLANG_CXX_LANGUAGE_STANDARD = "gnu++0x";
				CLANG_CXX_LIBRARY = "libc++";
				CLANG_ENABLE_MODULES = YES;
				CLANG_ENABLE_OBJC_ARC = YES;
				CLANG_WARN_BOOL_CONVERSION = YES;
				CLANG_WARN_CONSTANT_CONVERSION = YES;
				CLANG_WARN_DIRECT_OBJC_ISA_USAGE = YES_ERROR;
				CLANG_WARN_DOCUMENTATION_COMMENTS = YES;
				CLANG_WARN_EMPTY_BODY = YES;
				CLANG_WARN_ENUM_CONVERSION = YES;
				CLANG_WARN_INFINITE_RECURSION = YES;
				CLANG_WARN_INT_CONVERSION = YES;
				CLANG_WARN_OBJC_ROOT_CLASS = YES_ERROR;
				CLANG_WARN_SUSPICIOUS_MOVE = YES;
				CLANG_WARN_UNREACHABLE_CODE = YES;
				CLANG_WARN__DUPLICATE_METHOD_MATCH = YES;
				"CODE_SIGN_IDENTITY[sdk=iphoneos*]" = "iPhone Developer";
				COPY_PHASE_STRIP = NO;
				DEBUG_INFORMATION_FORMAT = dwarf;
				ENABLE_STRICT_OBJC_MSGSEND = YES;
				ENABLE_TESTABILITY = YES;
				GCC_C_LANGUAGE_STANDARD = gnu99;
				GCC_DYNAMIC_NO_PIC = NO;
				GCC_NO_COMMON_BLOCKS = YES;
				GCC_OPTIMIZATION_LEVEL = 0;
				GCC_PREPROCESSOR_DEFINITIONS = (
					"DEBUG=1",
					"$(inherited)",
				);
				GCC_WARN_64_TO_32_BIT_CONVERSION = YES;
				GCC_WARN_ABOUT_RETURN_TYPE = YES_ERROR;
				GCC_WARN_UNDECLARED_SELECTOR = YES;
				GCC_WARN_UNINITIALIZED_AUTOS = YES_AGGRESSIVE;
				GCC_WARN_UNUSED_FUNCTION = YES;
				GCC_WARN_UNUSED_VARIABLE = YES;
				IPHONEOS_DEPLOYMENT_TARGET = 10.3;
				MTL_ENABLE_DEBUG_INFO = YES;
				ONLY_ACTIVE_ARCH = YES;
				SDKROOT = iphoneos;
			};
			name = Debug;
		};
		5D7E4DE01ED7FDCD00388076 /* Release */ = {
			isa = XCBuildConfiguration;
			buildSettings = {
				ALWAYS_SEARCH_USER_PATHS = NO;
				CLANG_ANALYZER_NONNULL = YES;
				CLANG_ANALYZER_NUMBER_OBJECT_CONVERSION = YES_AGGRESSIVE;
				CLANG_CXX_LANGUAGE_STANDARD = "gnu++0x";
				CLANG_CXX_LIBRARY = "libc++";
				CLANG_ENABLE_MODULES = YES;
				CLANG_ENABLE_OBJC_ARC = YES;
				CLANG_WARN_BOOL_CONVERSION = YES;
				CLANG_WARN_CONSTANT_CONVERSION = YES;
				CLANG_WARN_DIRECT_OBJC_ISA_USAGE = YES_ERROR;
				CLANG_WARN_DOCUMENTATION_COMMENTS = YES;
				CLANG_WARN_EMPTY_BODY = YES;
				CLANG_WARN_ENUM_CONVERSION = YES;
				CLANG_WARN_INFINITE_RECURSION = YES;
				CLANG_WARN_INT_CONVERSION = YES;
				CLANG_WARN_OBJC_ROOT_CLASS = YES_ERROR;
				CLANG_WARN_SUSPICIOUS_MOVE = YES;
				CLANG_WARN_UNREACHABLE_CODE = YES;
				CLANG_WARN__DUPLICATE_METHOD_MATCH = YES;
				"CODE_SIGN_IDENTITY[sdk=iphoneos*]" = "iPhone Developer";
				COPY_PHASE_STRIP = NO;
				DEBUG_INFORMATION_FORMAT = "dwarf-with-dsym";
				ENABLE_NS_ASSERTIONS = NO;
				ENABLE_STRICT_OBJC_MSGSEND = YES;
				GCC_C_LANGUAGE_STANDARD = gnu99;
				GCC_NO_COMMON_BLOCKS = YES;
				GCC_WARN_64_TO_32_BIT_CONVERSION = YES;
				GCC_WARN_ABOUT_RETURN_TYPE = YES_ERROR;
				GCC_WARN_UNDECLARED_SELECTOR = YES;
				GCC_WARN_UNINITIALIZED_AUTOS = YES_AGGRESSIVE;
				GCC_WARN_UNUSED_FUNCTION = YES;
				GCC_WARN_UNUSED_VARIABLE = YES;
				IPHONEOS_DEPLOYMENT_TARGET = 10.3;
				MTL_ENABLE_DEBUG_INFO = NO;
				SDKROOT = iphoneos;
				VALIDATE_PRODUCT = YES;
			};
			name = Release;
		};
		5D7E4DE21ED7FDCD00388076 /* Debug */ = {
			isa = XCBuildConfiguration;
			buildSettings = {
				ASSETCATALOG_COMPILER_APPICON_NAME = AppIcon;
				INFOPLIST_FILE = ConfirmOrder/Info.plist;
				LD_RUNPATH_SEARCH_PATHS = "$(inherited) @executable_path/Frameworks";
				PRODUCT_BUNDLE_IDENTIFIER = com.zhangxing.ConfirmOrder;
				PRODUCT_NAME = "$(TARGET_NAME)";
			};
			name = Debug;
		};
		5D7E4DE31ED7FDCD00388076 /* Release */ = {
			isa = XCBuildConfiguration;
			buildSettings = {
				ASSETCATALOG_COMPILER_APPICON_NAME = AppIcon;
				INFOPLIST_FILE = ConfirmOrder/Info.plist;
				LD_RUNPATH_SEARCH_PATHS = "$(inherited) @executable_path/Frameworks";
				PRODUCT_BUNDLE_IDENTIFIER = com.zhangxing.ConfirmOrder;
				PRODUCT_NAME = "$(TARGET_NAME)";
			};
			name = Release;
		};
/* End XCBuildConfiguration section */

/* Begin XCConfigurationList section */
		5D7E4DC51ED7FDCD00388076 /* Build configuration list for PBXProject "ConfirmOrder" */ = {
			isa = XCConfigurationList;
			buildConfigurations = (
				5D7E4DDF1ED7FDCD00388076 /* Debug */,
				5D7E4DE01ED7FDCD00388076 /* Release */,
			);
			defaultConfigurationIsVisible = 0;
			defaultConfigurationName = Release;
		};
		5D7E4DE11ED7FDCD00388076 /* Build configuration list for PBXNativeTarget "ConfirmOrder" */ = {
			isa = XCConfigurationList;
			buildConfigurations = (
				5D7E4DE21ED7FDCD00388076 /* Debug */,
				5D7E4DE31ED7FDCD00388076 /* Release */,
			);
			defaultConfigurationIsVisible = 0;
			defaultConfigurationName = Release;
		};
/* End XCConfigurationList section */
	};
	rootObject = 5D7E4DC21ED7FDCD00388076 /* Project object */;
}
